{
  "object": {
    "pins": [
      {
        "package": "Cryptor",
        "repositoryURL": "https://github.com/IBM-Swift/BlueCryptor.git",
        "state": {
          "branch": null,
          "revision": "ee5880e031da4c609f372cf7472476ab51d5dd19",
          "version": "1.0.200"
        }
      },
      {
        "package": "Socket",
        "repositoryURL": "https://github.com/Kitura/BlueSocket.git",
        "state": {
          "branch": null,
          "revision": "c9894fd117457f1d006575fbfb2fdfd6f79eac03",
          "version": "1.0.200"
        }
      },
      {
        "package": "SSLService",
        "repositoryURL": "https://github.com/Kitura/BlueSSLService.git",
        "state": {
          "branch": null,
          "revision": "ae5889d2a8b068d2d3ab91ec73aa8f557c03cd8a",
          "version": "1.0.200"
        }
      },
      {
        "package": "CloudEnvironment",
        "repositoryURL": "https://github.com/IBM-Swift/CloudEnvironment.git",
        "state": {
          "branch": null,
          "revision": "498d60a5078b4e00153b4f5adca8b5b31075f08b",
          "version": "9.1.200"
        }
      },
      {
        "package": "Configuration",
        "repositoryURL": "https://github.com/Kitura/Configuration.git",
        "state": {
          "branch": null,
          "revision": "26c60e7a0574cb70611877f092c6fbf0a9345d04",
          "version": "3.0.200"
        }
      },
      {
        "package": "FileKit",
        "repositoryURL": "https://github.com/Kitura/FileKit.git",
        "state": {
          "branch": null,
          "revision": "58fdf8ab291c800dc57528c997192eb3437ab607",
          "version": "0.0.200"
        }
      },
      {
        "package": "Health",
        "repositoryURL": "https://github.com/IBM-Swift/Health.git",
        "state": {
          "branch": null,
          "revision": "e175d8a5c599d1d76ac8c5d5ec8a3a55f557c8b1",
          "version": "1.0.200"
        }
      },
      {
        "package": "HeliumLogger",
        "repositoryURL": "https://github.com/IBM-Swift/HeliumLogger.git",
        "state": {
          "branch": null,
          "revision": "55fd2f0b70793017acee853c53cfcf8da0bd8d8d",
          "version": "1.9.200"
        }
      },
      {
        "package": "Kitura",
        "repositoryURL": "https://github.com/IBM-Swift/Kitura.git",
        "state": {
          "branch": null,
          "revision": "0777165ed5b966ad2e62f9f9101cfa8b283e7684",
          "version": "2.8.1"
        }
      },
      {
        "package": "Kitura-net",
        "repositoryURL": "https://github.com/IBM-Swift/Kitura-net.git",
        "state": {
          "branch": null,
          "revision": "e017a57772eb477c294d72b25ab9ae38d25539f5",
          "version": "2.4.200"
        }
      },
      {
        "package": "Kitura-TemplateEngine",
        "repositoryURL": "https://github.com/IBM-Swift/Kitura-TemplateEngine.git",
        "state": {
          "branch": null,
          "revision": "1670b09bfb63b66f7dffff627a06b50492485407",
          "version": "2.0.200"
        }
      },
      {
        "package": "Kitura-WebSocket",
        "repositoryURL": "https://github.com/IBM-Swift/Kitura-WebSocket.git",
        "state": {
          "branch": null,
          "revision": "31ee0c22500569f81b262884f41710ce3ad540f5",
          "version": "2.1.200"
        }
      },
      {
        "package": "LoggerAPI",
        "repositoryURL": "https://github.com/Kitura/LoggerAPI.git",
        "state": {
          "branch": null,
          "revision": "e82d34eab3f0b05391082b11ea07d3b70d2f65bb",
          "version": "1.9.200"
        }
      },
      {
        "package": "omr-agentcore",
        "repositoryURL": "https://github.com/RuntimeTools/omr-agentcore",
        "state": {
          "branch": null,
          "revision": "5a2361ba1f005596a2bfa28de76ed4acf1e71c33",
          "version": "3.2.4-swift4"
        }
      },
      {
        "package": "CloudFoundryEnv",
        "repositoryURL": "https://github.com/IBM-Swift/Swift-cfenv.git",
        "state": {
          "branch": null,
          "revision": "9fa782d4f533e763566ca35838b4904ddf6dbcbf",
          "version": "6.0.200"
        }
      },
      {
        "package": "SwiftKuery",
        "repositoryURL": "https://github.com/Kitura/Swift-Kuery.git",
        "state": {
          "branch": null,
          "revision": "94f04e06160e054a31d67cc0c93829fe51002f96",
          "version": "3.0.200"
        }
      },
      {
        "package": "SwiftKueryORM",
        "repositoryURL": "https://github.com/IBM-Swift/Swift-Kuery-ORM.git",
        "state": {
          "branch": null,
          "revision": "ebf90f9f4e67bfa5377003eecc00ac3a39f7a991",
          "version": "0.6.200"
        }
      },
      {
        "package": "SwiftKueryPostgreSQL",
        "repositoryURL": "https://github.com/IBM-Swift/Swift-Kuery-PostgreSQL.git",
        "state": {
          "branch": null,
          "revision": "08db7879b7d7edbb73770d90320fa704c5fcee52",
          "version": "2.1.201"
        }
      },
      {
        "package": "swift-log",
        "repositoryURL": "https://github.com/apple/swift-log.git",
        "state": {
          "branch": null,
          "revision": "5d66f7ba25daf4f94100e7022febf3c75e37a6c7",
          "version": "1.4.2"
        }
      },
      {
        "package": "SwiftMetrics",
        "repositoryURL": "https://github.com/RuntimeTools/SwiftMetrics.git",
        "state": {
          "branch": null,
          "revision": "a8460c44d91ee25e0931be7792fed5e5c8a494a4",
          "version": "2.6.4"
        }
      }
    ]
  },
  "version": 1
}
